// !$*UTF8*$!
{
	archiveVersion = 1;
	classes = {
	};
	objectVersion = 56;
	objects = {

/* Begin PBXBuildFile section */
		3BD2DE2D2B7F3F0700132129 /* NewsAppApp.swift in Sources */ = {isa = PBXBuildFile; fileRef = 3BD2DE2C2B7F3F0700132129 /* NewsAppApp.swift */; };
		3BD2DE312B7F3F0800132129 /* Assets.xcassets in Resources */ = {isa = PBXBuildFile; fileRef = 3BD2DE302B7F3F0800132129 /* Assets.xcassets */; };
		3BD2DE342B7F3F0800132129 /* Preview Assets.xcassets in Resources */ = {isa = PBXBuildFile; fileRef = 3BD2DE332B7F3F0800132129 /* Preview Assets.xcassets */; };
		3BD2DE3F2B7F3F3B00132129 /* NewsSourceListScreen.swift in Sources */ = {isa = PBXBuildFile; fileRef = 3BD2DE3B2B7F3F3B00132129 /* NewsSourceListScreen.swift */; };
		3BD2DE402B7F3F3B00132129 /* NewsListScreen.swift in Sources */ = {isa = PBXBuildFile; fileRef = 3BD2DE3C2B7F3F3B00132129 /* NewsListScreen.swift */; };
		3BD2DE412B7F3F3B00132129 /* Webservice.swift in Sources */ = {isa = PBXBuildFile; fileRef = 3BD2DE3E2B7F3F3B00132129 /* Webservice.swift */; };
		3BD2DE472B7F3F4500132129 /* NewsArticle.swift in Sources */ = {isa = PBXBuildFile; fileRef = 3BD2DE432B7F3F4500132129 /* NewsArticle.swift */; };
		3BD2DE482B7F3F4500132129 /* NewsSource.swift in Sources */ = {isa = PBXBuildFile; fileRef = 3BD2DE442B7F3F4500132129 /* NewsSource.swift */; };
		3BD2DE492B7F3F4500132129 /* Constants.swift in Sources */ = {isa = PBXBuildFile; fileRef = 3BD2DE462B7F3F4500132129 /* Constants.swift */; };
		3BD2DE4D2B7F3F4B00132129 /* NewsSourceListViewModel.swift in Sources */ = {isa = PBXBuildFile; fileRef = 3BD2DE4B2B7F3F4B00132129 /* NewsSourceListViewModel.swift */; };
		3BD2DE4E2B7F3F4B00132129 /* NewsArticleListViewModel.swift in Sources */ = {isa = PBXBuildFile; fileRef = 3BD2DE4C2B7F3F4B00132129 /* NewsArticleListViewModel.swift */; };
/* End PBXBuildFile section */

/* Begin PBXFileReference section */
		3BD2DE292B7F3F0700132129 /* NewsApp.app */ = {isa = PBXFileReference; explicitFileType = wrapper.application; includeInIndex = 0; path = NewsApp.app; sourceTree = BUILT_PRODUCTS_DIR; };
		3BD2DE2C2B7F3F0700132129 /* NewsAppApp.swift */ = {isa = PBXFileReference; lastKnownFileType = sourcecode.swift; path = NewsAppApp.swift; sourceTree = "<group>"; };
		3BD2DE302B7F3F0800132129 /* Assets.xcassets */ = {isa = PBXFileReference; lastKnownFileType = folder.assetcatalog; path = Assets.xcassets; sourceTree = "<group>"; };
		3BD2DE332B7F3F0800132129 /* Preview Assets.xcassets */ = {isa = PBXFileReference; lastKnownFileType = folder.assetcatalog; path = "Preview Assets.xcassets"; sourceTree = "<group>"; };
		3BD2DE3B2B7F3F3B00132129 /* NewsSourceListScreen.swift */ = {isa = PBXFileReference; fileEncoding = 4; lastKnownFileType = sourcecode.swift; path = NewsSourceListScreen.swift; sourceTree = "<group>"; };
		3BD2DE3C2B7F3F3B00132129 /* NewsListScreen.swift */ = {isa = PBXFileReference; fileEncoding = 4; lastKnownFileType = sourcecode.swift; path = NewsListScreen.swift; sourceTree = "<group>"; };
		3BD2DE3E2B7F3F3B00132129 /* Webservice.swift */ = {isa = PBXFileReference; fileEncoding = 4; lastKnownFileType = sourcecode.swift; path = Webservice.swift; sourceTree = "<group>"; };
		3BD2DE432B7F3F4500132129 /* NewsArticle.swift */ = {isa = PBXFileReference; fileEncoding = 4; lastKnownFileType = sourcecode.swift; path = NewsArticle.swift; sourceTree = "<group>"; };
		3BD2DE442B7F3F4500132129 /* NewsSource.swift */ = {isa = PBXFileReference; fileEncoding = 4; lastKnownFileType = sourcecode.swift; path = NewsSource.swift; sourceTree = "<group>"; };
		3BD2DE462B7F3F4500132129 /* Constants.swift */ = {isa = PBXFileReference; fileEncoding = 4; lastKnownFileType = sourcecode.swift; path = Constants.swift; sourceTree = "<group>"; };
		3BD2DE4B2B7F3F4B00132129 /* NewsSourceListViewModel.swift */ = {isa = PBXFileReference; fileEncoding = 4; lastKnownFileType = sourcecode.swift; path = NewsSourceListViewModel.swift; sourceTree = "<group>"; };
		3BD2DE4C2B7F3F4B00132129 /* NewsArticleListViewModel.swift */ = {isa = PBXFileReference; fileEncoding = 4; lastKnownFileType = sourcecode.swift; path = NewsArticleListViewModel.swift; sourceTree = "<group>"; };
/* End PBXFileReference section */

/* Begin PBXFrameworksBuildPhase section */
		3BD2DE262B7F3F0700132129 /* Frameworks */ = {
			isa = PBXFrameworksBuildPhase;
			buildActionMask = 2147483647;
			files = (
			);
			runOnlyForDeploymentPostprocessing = 0;
		};
/* End PBXFrameworksBuildPhase section */

/* Begin PBXGroup section */
		3BD2DE202B7F3F0700132129 = {
			isa = PBXGroup;
			children = (
				3BD2DE2B2B7F3F0700132129 /* NewsApp */,
				3BD2DE2A2B7F3F0700132129 /* Products */,
			);
			sourceTree = "<group>";
		};
		3BD2DE2A2B7F3F0700132129 /* Products */ = {
			isa = PBXGroup;
			children = (
				3BD2DE292B7F3F0700132129 /* NewsApp.app */,
			);
			name = Products;
			sourceTree = "<group>";
		};
		3BD2DE2B2B7F3F0700132129 /* NewsApp */ = {
			isa = PBXGroup;
			children = (
				3BD2DE2C2B7F3F0700132129 /* NewsAppApp.swift */,
				3BD2DE3D2B7F3F3B00132129 /* Services */,
				3BD2DE422B7F3F4500132129 /* Models */,
				3BD2DE452B7F3F4500132129 /* Utils */,
				3BD2DE4A2B7F3F4B00132129 /* View Models */,
				3BD2DE3A2B7F3F3B00132129 /* Views */,
				3BD2DE302B7F3F0800132129 /* Assets.xcassets */,
				3BD2DE322B7F3F0800132129 /* Preview Content */,
			);
			path = NewsApp;
			sourceTree = "<group>";
		};
		3BD2DE322B7F3F0800132129 /* Preview Content */ = {
			isa = PBXGroup;
			children = (
				3BD2DE332B7F3F0800132129 /* Preview Assets.xcassets */,
			);
			path = "Preview Content";
			sourceTree = "<group>";
		};
		3BD2DE3A2B7F3F3B00132129 /* Views */ = {
			isa = PBXGroup;
			children = (
				3BD2DE3B2B7F3F3B00132129 /* NewsSourceListScreen.swift */,
				3BD2DE3C2B7F3F3B00132129 /* NewsListScreen.swift */,
			);
			path = Views;
			sourceTree = "<group>";
		};
		3BD2DE3D2B7F3F3B00132129 /* Services */ = {
			isa = PBXGroup;
			children = (
				3BD2DE3E2B7F3F3B00132129 /* Webservice.swift */,
			);
			path = Services;
			sourceTree = "<group>";
		};
		3BD2DE422B7F3F4500132129 /* Models */ = {
			isa = PBXGroup;
			children = (
				3BD2DE432B7F3F4500132129 /* NewsArticle.swift */,
				3BD2DE442B7F3F4500132129 /* NewsSource.swift */,
			);
			path = Models;
			sourceTree = "<group>";
		};
		3BD2DE452B7F3F4500132129 /* Utils */ = {
			isa = PBXGroup;
			children = (
				3BD2DE462B7F3F4500132129 /* Constants.swift */,
			);
			path = Utils;
			sourceTree = "<group>";
		};
		3BD2DE4A2B7F3F4B00132129 /* View Models */ = {
			isa = PBXGroup;
			children = (
				3BD2DE4B2B7F3F4B00132129 /* NewsSourceListViewModel.swift */,
				3BD2DE4C2B7F3F4B00132129 /* NewsArticleListViewModel.swift */,
			);
			path = "View Models";
			sourceTree = "<group>";
		};
/* End PBXGroup section */

/* Begin PBXNativeTarget section */
		3BD2DE282B7F3F0700132129 /* NewsApp */ = {
			isa = PBXNativeTarget;
			buildConfigurationList = 3BD2DE372B7F3F0800132129 /* Build configuration list for PBXNativeTarget "NewsApp" */;
			buildPhases = (
				3BD2DE252B7F3F0700132129 /* Sources */,
				3BD2DE262B7F3F0700132129 /* Frameworks */,
				3BD2DE272B7F3F0700132129 /* Resources */,
			);
			buildRules = (
			);
			dependencies = (
			);
			name = NewsApp;
			productName = NewsApp;
			productReference = 3BD2DE292B7F3F0700132129 /* NewsApp.app */;
			productType = "com.apple.product-type.application";
		};
/* End PBXNativeTarget section */

/* Begin PBXProject section */
		3BD2DE212B7F3F0700132129 /* Project object */ = {
			isa = PBXProject;
			attributes = {
				BuildIndependentTargetsInParallel = 1;
				LastSwiftUpdateCheck = 1430;
				LastUpgradeCheck = 1430;
				TargetAttributes = {
					3BD2DE282B7F3F0700132129 = {
						CreatedOnToolsVersion = 14.3;
					};
				};
			};
			buildConfigurationList = 3BD2DE242B7F3F0700132129 /* Build configuration list for PBXProject "NewsApp" */;
			compatibilityVersion = "Xcode 14.0";
			developmentRegion = en;
			hasScannedForEncodings = 0;
			knownRegions = (
				en,
				Base,
			);
			mainGroup = 3BD2DE202B7F3F0700132129;
			productRefGroup = 3BD2DE2A2B7F3F0700132129 /* Products */;
			projectDirPath = "";
			projectRoot = "";
			targets = (
				3BD2DE282B7F3F0700132129 /* NewsApp */,
			);
		};
/* End PBXProject section */

/* Begin PBXResourcesBuildPhase section */
		3BD2DE272B7F3F0700132129 /* Resources */ = {
			isa = PBXResourcesBuildPhase;
			buildActionMask = 2147483647;
			files = (
				3BD2DE342B7F3F0800132129 /* Preview Assets.xcassets in Resources */,
				3BD2DE312B7F3F0800132129 /* Assets.xcassets in Resources */,
			);
			runOnlyForDeploymentPostprocessing = 0;
		};
/* End PBXResourcesBuildPhase section */

/* Begin PBXSourcesBuildPhase section */
		3BD2DE252B7F3F0700132129 /* Sources */ = {
			isa = PBXSourcesBuildPhase;
			buildActionMask = 2147483647;
			files = (
				3BD2DE4E2B7F3F4B00132129 /* NewsArticleListViewModel.swift in Sources */,
				3BD2DE402B7F3F3B00132129 /* NewsListScreen.swift in Sources */,
				3BD2DE472B7F3F4500132129 /* NewsArticle.swift in Sources */,
				3BD2DE482B7F3F4500132129 /* NewsSource.swift in Sources */,
				3BD2DE4D2B7F3F4B00132129 /* NewsSourceListViewModel.swift in Sources */,
				3BD2DE3F2B7F3F3B00132129 /* NewsSourceListScreen.swift in Sources */,
				3BD2DE412B7F3F3B00132129 /* Webservice.swift in Sources */,
				3BD2DE2D2B7F3F0700132129 /* NewsAppApp.swift in Sources */,
				3BD2DE492B7F3F4500132129 /* Constants.swift in Sources */,
			);
			runOnlyForDeploymentPostprocessing = 0;
		};
/* End PBXSourcesBuildPhase section */

/* Begin XCBuildConfiguration section */
		3BD2DE352B7F3F0800132129 /* Debug */ = {
			isa = XCBuildConfiguration;
			buildSettings = {
				ALWAYS_SEARCH_USER_PATHS = NO;
				CLANG_ANALYZER_NONNULL = YES;
				CLANG_ANALYZER_NUMBER_OBJECT_CONVERSION = YES_AGGRESSIVE;
				CLANG_CXX_LANGUAGE_STANDARD = "gnu++20";
				CLANG_ENABLE_MODULES = YES;
				CLANG_ENABLE_OBJC_ARC = YES;
				CLANG_ENABLE_OBJC_WEAK = YES;
				CLANG_WARN_BLOCK_CAPTURE_AUTORELEASING = YES;
				CLANG_WARN_BOOL_CONVERSION = YES;
				CLANG_WARN_COMMA = YES;
				CLANG_WARN_CONSTANT_CONVERSION = YES;
				CLANG_WARN_DEPRECATED_OBJC_IMPLEMENTATIONS = YES;
				CLANG_WARN_DIRECT_OBJC_ISA_USAGE = YES_ERROR;
				CLANG_WARN_DOCUMENTATION_COMMENTS = YES;
				CLANG_WARN_EMPTY_BODY = YES;
				CLANG_WARN_ENUM_CONVERSION = YES;
				CLANG_WARN_INFINITE_RECURSION = YES;
				CLANG_WARN_INT_CONVERSION = YES;
				CLANG_WARN_NON_LITERAL_NULL_CONVERSION = YES;
				CLANG_WARN_OBJC_IMPLICIT_RETAIN_SELF = YES;
				CLANG_WARN_OBJC_LITERAL_CONVERSION = YES;
				CLANG_WARN_OBJC_ROOT_CLASS = YES_ERROR;
				CLANG_WARN_QUOTED_INCLUDE_IN_FRAMEWORK_HEADER = YES;
				CLANG_WARN_RANGE_LOOP_ANALYSIS = YES;
				CLANG_WARN_STRICT_PROTOTYPES = YES;
				CLANG_WARN_SUSPICIOUS_MOVE = YES;
				CLANG_WARN_UNGUARDED_AVAILABILITY = YES_AGGRESSIVE;
				CLANG_WARN_UNREACHABLE_CODE = YES;
				CLANG_WARN__DUPLICATE_METHOD_MATCH = YES;
				COPY_PHASE_STRIP = NO;
				DEBUG_INFORMATION_FORMAT = dwarf;
				ENABLE_STRICT_OBJC_MSGSEND = YES;
				ENABLE_TESTABILITY = YES;
				GCC_C_LANGUAGE_STANDARD = gnu11;
				GCC_DYNAMIC_NO_PIC = NO;
				GCC_NO_COMMON_BLOCKS = YES;
				GCC_OPTIMIZATION_LEVEL = 0;
				GCC_PREPROCESSOR_DEFINITIONS = (
					"DEBUG=1",
					"$(inherited)",
				);
				GCC_WARN_64_TO_32_BIT_CONVERSION = YES;
				GCC_WARN_ABOUT_RETURN_TYPE = YES_ERROR;
				GCC_WARN_UNDECLARED_SELECTOR = YES;
				GCC_WARN_UNINITIALIZED_AUTOS = YES_AGGRESSIVE;
				GCC_WARN_UNUSED_FUNCTION = YES;
				GCC_WARN_UNUSED_VARIABLE = YES;
				IPHONEOS_DEPLOYMENT_TARGET = 16.4;
				MTL_ENABLE_DEBUG_INFO = INCLUDE_SOURCE;
				MTL_FAST_MATH = YES;
				ONLY_ACTIVE_ARCH = YES;
				SDKROOT = iphoneos;
				SWIFT_ACTIVE_COMPILATION_CONDITIONS = DEBUG;
				SWIFT_OPTIMIZATION_LEVEL = "-Onone";
			};
			name = Debug;
		};
		3BD2DE362B7F3F0800132129 /* Release */ = {
			isa = XCBuildConfiguration;
			buildSettings = {
				ALWAYS_SEARCH_USER_PATHS = NO;
				CLANG_ANALYZER_NONNULL = YES;
				CLANG_ANALYZER_NUMBER_OBJECT_CONVERSION = YES_AGGRESSIVE;
				CLANG_CXX_LANGUAGE_STANDARD = "gnu++20";
				CLANG_ENABLE_MODULES = YES;
				CLANG_ENABLE_OBJC_ARC = YES;
				CLANG_ENABLE_OBJC_WEAK = YES;
				CLANG_WARN_BLOCK_CAPTURE_AUTORELEASING = YES;
				CLANG_WARN_BOOL_CONVERSION = YES;
				CLANG_WARN_COMMA = YES;
				CLANG_WARN_CONSTANT_CONVERSION = YES;
				CLANG_WARN_DEPRECATED_OBJC_IMPLEMENTATIONS = YES;
				CLANG_WARN_DIRECT_OBJC_ISA_USAGE = YES_ERROR;
				CLANG_WARN_DOCUMENTATION_COMMENTS = YES;
				CLANG_WARN_EMPTY_BODY = YES;
				CLANG_WARN_ENUM_CONVERSION = YES;
				CLANG_WARN_INFINITE_RECURSION = YES;
				CLANG_WARN_INT_CONVERSION = YES;
				CLANG_WARN_NON_LITERAL_NULL_CONVERSION = YES;
				CLANG_WARN_OBJC_IMPLICIT_RETAIN_SELF = YES;
				CLANG_WARN_OBJC_LITERAL_CONVERSION = YES;
				CLANG_WARN_OBJC_ROOT_CLASS = YES_ERROR;
				CLANG_WARN_QUOTED_INCLUDE_IN_FRAMEWORK_HEADER = YES;
				CLANG_WARN_RANGE_LOOP_ANALYSIS = YES;
				CLANG_WARN_STRICT_PROTOTYPES = YES;
				CLANG_WARN_SUSPICIOUS_MOVE = YES;
				CLANG_WARN_UNGUARDED_AVAILABILITY = YES_AGGRESSIVE;
				CLANG_WARN_UNREACHABLE_CODE = YES;
				CLANG_WARN__DUPLICATE_METHOD_MATCH = YES;
				COPY_PHASE_STRIP = NO;
				DEBUG_INFORMATION_FORMAT = "dwarf-with-dsym";
				ENABLE_NS_ASSERTIONS = NO;
				ENABLE_STRICT_OBJC_MSGSEND = YES;
				GCC_C_LANGUAGE_STANDARD = gnu11;
				GCC_NO_COMMON_BLOCKS = YES;
				GCC_WARN_64_TO_32_BIT_CONVERSION = YES;
				GCC_WARN_ABOUT_RETURN_TYPE = YES_ERROR;
				GCC_WARN_UNDECLARED_SELECTOR = YES;
				GCC_WARN_UNINITIALIZED_AUTOS = YES_AGGRESSIVE;
				GCC_WARN_UNUSED_FUNCTION = YES;
				GCC_WARN_UNUSED_VARIABLE = YES;
				IPHONEOS_DEPLOYMENT_TARGET = 16.4;
				MTL_ENABLE_DEBUG_INFO = NO;
				MTL_FAST_MATH = YES;
				SDKROOT = iphoneos;
				SWIFT_COMPILATION_MODE = wholemodule;
				SWIFT_OPTIMIZATION_LEVEL = "-O";
				VALIDATE_PRODUCT = YES;
			};
			name = Release;
		};
		3BD2DE382B7F3F0800132129 /* Debug */ = {
			isa = XCBuildConfiguration;
			buildSettings = {
				ASSETCATALOG_COMPILER_APPICON_NAME = AppIcon;
				ASSETCATALOG_COMPILER_GLOBAL_ACCENT_COLOR_NAME = AccentColor;
				CODE_SIGN_STYLE = Automatic;
				CURRENT_PROJECT_VERSION = 1;
				DEVELOPMENT_ASSET_PATHS = "\"NewsApp/Preview Content\"";
				DEVELOPMENT_TEAM = 6CBTWMSXBM;
				ENABLE_PREVIEWS = YES;
				GENERATE_INFOPLIST_FILE = YES;
				INFOPLIST_KEY_UIApplicationSceneManifest_Generation = YES;
				INFOPLIST_KEY_UIApplicationSupportsIndirectInputEvents = YES;
				INFOPLIST_KEY_UILaunchScreen_Generation = YES;
				INFOPLIST_KEY_UISupportedInterfaceOrientations_iPad = "UIInterfaceOrientationPortrait UIInterfaceOrientationPortraitUpsideDown UIInterfaceOrientationLandscapeLeft UIInterfaceOrientationLandscapeRight";
				INFOPLIST_KEY_UISupportedInterfaceOrientations_iPhone = "UIInterfaceOrientationPortrait UIInterfaceOrientationLandscapeLeft UIInterfaceOrientationLandscapeRight";
				LD_RUNPATH_SEARCH_PATHS = (
					"$(inherited)",
					"@executable_path/Frameworks",
				);
				MARKETING_VERSION = 1.0;
				PRODUCT_BUNDLE_IDENTIFIER = amatnug.amatnug.NewsApp;
				PRODUCT_NAME = "$(TARGET_NAME)";
				SWIFT_EMIT_LOC_STRINGS = YES;
				SWIFT_VERSION = 5.0;
				TARGETED_DEVICE_FAMILY = "1,2";
			};
			name = Debug;
		};
		3BD2DE392B7F3F0800132129 /* Release */ = {
			isa = XCBuildConfiguration;
			buildSettings = {
				ASSETCATALOG_COMPILER_APPICON_NAME = AppIcon;
				ASSETCATALOG_COMPILER_GLOBAL_ACCENT_COLOR_NAME = AccentColor;
				CODE_SIGN_STYLE = Automatic;
				CURRENT_PROJECT_VERSION = 1;
				DEVELOPMENT_ASSET_PATHS = "\"NewsApp/Preview Content\"";
				DEVELOPMENT_TEAM = 6CBTWMSXBM;
				ENABLE_PREVIEWS = YES;
				GENERATE_INFOPLIST_FILE = YES;
				INFOPLIST_KEY_UIApplicationSceneManifest_Generation = YES;
				INFOPLIST_KEY_UIApplicationSupportsIndirectInputEvents = YES;
				INFOPLIST_KEY_UILaunchScreen_Generation = YES;
				INFOPLIST_KEY_UISupportedInterfaceOrientations_iPad = "UIInterfaceOrientationPortrait UIInterfaceOrientationPortraitUpsideDown UIInterfaceOrientationLandscapeLeft UIInterfaceOrientationLandscapeRight";
				INFOPLIST_KEY_UISupportedInterfaceOrientations_iPhone = "UIInterfaceOrientationPortrait UIInterfaceOrientationLandscapeLeft UIInterfaceOrientationLandscapeRight";
				LD_RUNPATH_SEARCH_PATHS = (
					"$(inherited)",
					"@executable_path/Frameworks",
				);
				MARKETING_VERSION = 1.0;
				PRODUCT_BUNDLE_IDENTIFIER = amatnug.amatnug.NewsApp;
				PRODUCT_NAME = "$(TARGET_NAME)";
				SWIFT_EMIT_LOC_STRINGS = YES;
				SWIFT_VERSION = 5.0;
				TARGETED_DEVICE_FAMILY = "1,2";
			};
			name = Release;
		};
/* End XCBuildConfiguration section */

/* Begin XCConfigurationList section */
		3BD2DE242B7F3F0700132129 /* Build configuration list for PBXProject "NewsApp" */ = {
			isa = XCConfigurationList;
			buildConfigurations = (
				3BD2DE352B7F3F0800132129 /* Debug */,
				3BD2DE362B7F3F0800132129 /* Release */,
			);
			defaultConfigurationIsVisible = 0;
			defaultConfigurationName = Release;
		};
		3BD2DE372B7F3F0800132129 /* Build configuration list for PBXNativeTarget "NewsApp" */ = {
			isa = XCConfigurationList;
			buildConfigurations = (
				3BD2DE382B7F3F0800132129 /* Debug */,
				3BD2DE392B7F3F0800132129 /* Release */,
			);
			defaultConfigurationIsVisible = 0;
			defaultConfigurationName = Release;
		};
/* End XCConfigurationList section */
	};
	rootObject = 3BD2DE212B7F3F0700132129 /* Project object */;
}
